
Microsoft Visual Studio Solution File, Format Version 12.00
# Visual Studio Version 16
VisualStudioVersion = 16.0.31729.503
MinimumVisualStudioVersion = 10.0.40219.1
Project("{FAE04EC0-301F-11D3-BF4B-00C04F79EFBC}") = "Vidly", "Vidly\Vidly.csproj", "{AF549030-4B0B-45E1-A6E6-ED6458280CE3}"
EndProject
Global
	GlobalSection(SolutionConfigurationPlatforms) = preSolution
		Debug|Any CPU = Debug|Any CPU
		Release|Any CPU = Release|Any CPU
	EndGlobalSection
	GlobalSection(ProjectConfigurationPlatforms) = postSolution
		{AF549030-4B0B-45E1-A6E6-ED6458280CE3}.Debug|Any CPU.ActiveCfg = Debug|Any CPU
		{AF549030-4B0B-45E1-A6E6-ED6458280CE3}.Debug|Any CPU.Build.0 = Debug|Any CPU
		{AF549030-4B0B-45E1-A6E6-ED6458280CE3}.Release|Any CPU.ActiveCfg = Release|Any CPU
		{AF549030-4B0B-45E1-A6E6-ED6458280CE3}.Release|Any CPU.Build.0 = Release|Any CPU
	EndGlobalSection
	GlobalSection(SolutionProperties) = preSolution
		HideSolutionNode = FALSE
	EndGlobalSection
	GlobalSection(ExtensibilityGlobals) = postSolution
		SolutionGuid = {D1E97534-6D4B-4035-8341-6AD922B91576}
	EndGlobalSection
EndGlobal
